
Microsoft Visual Studio Solution File, Format Version 12.00
# Visual Studio Version 17
VisualStudioVersion = 17.11.35327.3
MinimumVisualStudioVersion = 10.0.40219.1
Project("{2150E333-8FDC-42A3-9474-1A3956D46DE8}") = "Services", "Services", "{3C4AE170-1804-468D-AAFB-FA7D460261F0}"
EndProject
Project("{2150E333-8FDC-42A3-9474-1A3956D46DE8}") = "Formation", "Formation", "{DF997E6D-ED85-4953-869B-B65CB5EF975F}"
EndProject
Project("{FAE04EC0-301F-11D3-BF4B-00C04F79EFBC}") = "Formation.API", "Services\Formation\Formation.API\Formation.API.csproj", "{234C71A6-EE4D-4604-9C6D-4732DFE7DB4F}"
EndProject
Global
	GlobalSection(SolutionConfigurationPlatforms) = preSolution
		Debug|Any CPU = Debug|Any CPU
		Release|Any CPU = Release|Any CPU
	EndGlobalSection
	GlobalSection(ProjectConfigurationPlatforms) = postSolution
		{234C71A6-EE4D-4604-9C6D-4732DFE7DB4F}.Debug|Any CPU.ActiveCfg = Debug|Any CPU
		{234C71A6-EE4D-4604-9C6D-4732DFE7DB4F}.Debug|Any CPU.Build.0 = Debug|Any CPU
		{234C71A6-EE4D-4604-9C6D-4732DFE7DB4F}.Release|Any CPU.ActiveCfg = Release|Any CPU
		{234C71A6-EE4D-4604-9C6D-4732DFE7DB4F}.Release|Any CPU.Build.0 = Release|Any CPU
	EndGlobalSection
	GlobalSection(SolutionProperties) = preSolution
		HideSolutionNode = FALSE
	EndGlobalSection
	GlobalSection(NestedProjects) = preSolution
		{DF997E6D-ED85-4953-869B-B65CB5EF975F} = {3C4AE170-1804-468D-AAFB-FA7D460261F0}
		{234C71A6-EE4D-4604-9C6D-4732DFE7DB4F} = {DF997E6D-ED85-4953-869B-B65CB5EF975F}
	EndGlobalSection
	GlobalSection(ExtensibilityGlobals) = postSolution
		SolutionGuid = {E2067E4C-561D-4ADC-BDB1-FDE2A43BF621}
	EndGlobalSection
EndGlobal
